
Microsoft Visual Studio Solution File, Format Version 12.00
# Visual Studio 14
VisualStudioVersion = 14.0.24720.0
MinimumVisualStudioVersion = 10.0.40219.1
Project("{FAE04EC0-301F-11D3-BF4B-00C04F79EFBC}") = "BoardEx.RobotWars", "Test\BoardEx.RobotWars.csproj", "{FD8BC9E7-CDA9-4F6F-9E59-344ABF9C1317}"
EndProject
Project("{FAE04EC0-301F-11D3-BF4B-00C04F79EFBC}") = "BoardEx.RobotWars.UnitTests", "Test.UnitTests\BoardEx.RobotWars.UnitTests.csproj", "{0F64377E-98B7-4A3C-91C1-1339811EA66E}"
EndProject
Global
	GlobalSection(SolutionConfigurationPlatforms) = preSolution
		Debug|Any CPU = Debug|Any CPU
		Release|Any CPU = Release|Any CPU
	EndGlobalSection
	GlobalSection(ProjectConfigurationPlatforms) = postSolution
		{FD8BC9E7-CDA9-4F6F-9E59-344ABF9C1317}.Debug|Any CPU.ActiveCfg = Debug|Any CPU
		{FD8BC9E7-CDA9-4F6F-9E59-344ABF9C1317}.Debug|Any CPU.Build.0 = Debug|Any CPU
		{FD8BC9E7-CDA9-4F6F-9E59-344ABF9C1317}.Release|Any CPU.ActiveCfg = Release|Any CPU
		{FD8BC9E7-CDA9-4F6F-9E59-344ABF9C1317}.Release|Any CPU.Build.0 = Release|Any CPU
		{0F64377E-98B7-4A3C-91C1-1339811EA66E}.Debug|Any CPU.ActiveCfg = Debug|Any CPU
		{0F64377E-98B7-4A3C-91C1-1339811EA66E}.Debug|Any CPU.Build.0 = Debug|Any CPU
		{0F64377E-98B7-4A3C-91C1-1339811EA66E}.Release|Any CPU.ActiveCfg = Release|Any CPU
		{0F64377E-98B7-4A3C-91C1-1339811EA66E}.Release|Any CPU.Build.0 = Release|Any CPU
	EndGlobalSection
	GlobalSection(SolutionProperties) = preSolution
		HideSolutionNode = FALSE
	EndGlobalSection
EndGlobal
